
Microsoft Visual Studio Solution File, Format Version 11.00
# Visual Studio 2010
Project("{FAE04EC0-301F-11D3-BF4B-00C04F79EFBC}") = "SineSignal.Ottoman.Specs", "SineSignal.Ottoman.Specs\SineSignal.Ottoman.Specs.csproj", "{34BD81C0-3B86-47C5-9D31-1C35E6CABC6A}"
EndProject
Project("{FAE04EC0-301F-11D3-BF4B-00C04F79EFBC}") = "SineSignal.Ottoman", "SineSignal.Ottoman\SineSignal.Ottoman.csproj", "{DFB82EC8-2D77-461A-92D6-B4024E8812FA}"
EndProject
Project("{FAE04EC0-301F-11D3-BF4B-00C04F79EFBC}") = "SineSignal.Ottoman.AcceptanceSpecs", "SineSignal.Ottoman.AcceptanceSpecs\SineSignal.Ottoman.AcceptanceSpecs.csproj", "{1BB84B40-3BA5-4AD0-8690-9851DDE36EC5}"
EndProject
Global
	GlobalSection(SolutionConfigurationPlatforms) = preSolution
		Debug|Any CPU = Debug|Any CPU
		Release|Any CPU = Release|Any CPU
	EndGlobalSection
	GlobalSection(ProjectConfigurationPlatforms) = postSolution
		{1BB84B40-3BA5-4AD0-8690-9851DDE36EC5}.Debug|Any CPU.ActiveCfg = Debug|Any CPU
		{1BB84B40-3BA5-4AD0-8690-9851DDE36EC5}.Debug|Any CPU.Build.0 = Debug|Any CPU
		{1BB84B40-3BA5-4AD0-8690-9851DDE36EC5}.Release|Any CPU.ActiveCfg = Release|Any CPU
		{1BB84B40-3BA5-4AD0-8690-9851DDE36EC5}.Release|Any CPU.Build.0 = Release|Any CPU
		{34BD81C0-3B86-47C5-9D31-1C35E6CABC6A}.Debug|Any CPU.ActiveCfg = Debug|Any CPU
		{34BD81C0-3B86-47C5-9D31-1C35E6CABC6A}.Debug|Any CPU.Build.0 = Debug|Any CPU
		{34BD81C0-3B86-47C5-9D31-1C35E6CABC6A}.Release|Any CPU.ActiveCfg = Release|Any CPU
		{34BD81C0-3B86-47C5-9D31-1C35E6CABC6A}.Release|Any CPU.Build.0 = Release|Any CPU
		{DFB82EC8-2D77-461A-92D6-B4024E8812FA}.Debug|Any CPU.ActiveCfg = Debug|Any CPU
		{DFB82EC8-2D77-461A-92D6-B4024E8812FA}.Debug|Any CPU.Build.0 = Debug|Any CPU
		{DFB82EC8-2D77-461A-92D6-B4024E8812FA}.Release|Any CPU.ActiveCfg = Release|Any CPU
		{DFB82EC8-2D77-461A-92D6-B4024E8812FA}.Release|Any CPU.Build.0 = Release|Any CPU
	EndGlobalSection
	GlobalSection(MonoDevelopProperties) = preSolution
		StartupItem = SineSignal.Ottoman.Specs\SineSignal.Ottoman.Specs.csproj
	EndGlobalSection
EndGlobal
